// !$*UTF8*$!
{
	archiveVersion = 1;
	classes = {
	};
	objectVersion = 55;
	objects = {

/* Begin PBXBuildFile section */
		38DE019E2804215100741054 /* TodoApp.swift in Sources */ = {isa = PBXBuildFile; fileRef = 38DE019D2804215100741054 /* TodoApp.swift */; };
		38DE01A02804215100741054 /* ContentView.swift in Sources */ = {isa = PBXBuildFile; fileRef = 38DE019F2804215100741054 /* ContentView.swift */; };
		38DE01A22804215200741054 /* Assets.xcassets in Resources */ = {isa = PBXBuildFile; fileRef = 38DE01A12804215200741054 /* Assets.xcassets */; };
		38DE01A52804215200741054 /* Preview Assets.xcassets in Resources */ = {isa = PBXBuildFile; fileRef = 38DE01A42804215200741054 /* Preview Assets.xcassets */; };
		38DE01B02804219B00741054 /* SmallAddbutton.swift in Sources */ = {isa = PBXBuildFile; fileRef = 38DE01AF2804219B00741054 /* SmallAddbutton.swift */; };
		38DE01B2280421B500741054 /* TaskRow.swift in Sources */ = {isa = PBXBuildFile; fileRef = 38DE01B1280421B500741054 /* TaskRow.swift */; };
		38DE01B4280421DD00741054 /* RealmManager.swift in Sources */ = {isa = PBXBuildFile; fileRef = 38DE01B3280421DD00741054 /* RealmManager.swift */; };
		38DE01B6280421FD00741054 /* Task.swift in Sources */ = {isa = PBXBuildFile; fileRef = 38DE01B5280421FD00741054 /* Task.swift */; };
		38DE01B82804221900741054 /* AddTaskView.swift in Sources */ = {isa = PBXBuildFile; fileRef = 38DE01B72804221900741054 /* AddTaskView.swift */; };
		38DE01BA2804224300741054 /* TasksView.swift in Sources */ = {isa = PBXBuildFile; fileRef = 38DE01B92804224300741054 /* TasksView.swift */; };
		38DE01BD2804239500741054 /* Realm in Frameworks */ = {isa = PBXBuildFile; productRef = 38DE01BC2804239500741054 /* Realm */; };
		38DE01BF2804239500741054 /* RealmSwift in Frameworks */ = {isa = PBXBuildFile; productRef = 38DE01BE2804239500741054 /* RealmSwift */; };
/* End PBXBuildFile section */

/* Begin PBXFileReference section */
		38DE019A2804215100741054 /* Todo.app */ = {isa = PBXFileReference; explicitFileType = wrapper.application; includeInIndex = 0; path = Todo.app; sourceTree = BUILT_PRODUCTS_DIR; };
		38DE019D2804215100741054 /* TodoApp.swift */ = {isa = PBXFileReference; lastKnownFileType = sourcecode.swift; path = TodoApp.swift; sourceTree = "<group>"; };
		38DE019F2804215100741054 /* ContentView.swift */ = {isa = PBXFileReference; lastKnownFileType = sourcecode.swift; path = ContentView.swift; sourceTree = "<group>"; };
		38DE01A12804215200741054 /* Assets.xcassets */ = {isa = PBXFileReference; lastKnownFileType = folder.assetcatalog; path = Assets.xcassets; sourceTree = "<group>"; };
		38DE01A42804215200741054 /* Preview Assets.xcassets */ = {isa = PBXFileReference; lastKnownFileType = folder.assetcatalog; path = "Preview Assets.xcassets"; sourceTree = "<group>"; };
		38DE01AF2804219B00741054 /* SmallAddbutton.swift */ = {isa = PBXFileReference; lastKnownFileType = sourcecode.swift; path = SmallAddbutton.swift; sourceTree = "<group>"; };
		38DE01B1280421B500741054 /* TaskRow.swift */ = {isa = PBXFileReference; lastKnownFileType = sourcecode.swift; path = TaskRow.swift; sourceTree = "<group>"; };
		38DE01B3280421DD00741054 /* RealmManager.swift */ = {isa = PBXFileReference; lastKnownFileType = sourcecode.swift; path = RealmManager.swift; sourceTree = "<group>"; };
		38DE01B5280421FD00741054 /* Task.swift */ = {isa = PBXFileReference; lastKnownFileType = sourcecode.swift; path = Task.swift; sourceTree = "<group>"; };
		38DE01B72804221900741054 /* AddTaskView.swift */ = {isa = PBXFileReference; lastKnownFileType = sourcecode.swift; path = AddTaskView.swift; sourceTree = "<group>"; };
		38DE01B92804224300741054 /* TasksView.swift */ = {isa = PBXFileReference; lastKnownFileType = sourcecode.swift; path = TasksView.swift; sourceTree = "<group>"; };
/* End PBXFileReference section */

/* Begin PBXFrameworksBuildPhase section */
		38DE01972804215100741054 /* Frameworks */ = {
			isa = PBXFrameworksBuildPhase;
			buildActionMask = 2147483647;
			files = (
				38DE01BF2804239500741054 /* RealmSwift in Frameworks */,
				38DE01BD2804239500741054 /* Realm in Frameworks */,
			);
			runOnlyForDeploymentPostprocessing = 0;
		};
/* End PBXFrameworksBuildPhase section */

/* Begin PBXGroup section */
		38DE01912804215100741054 = {
			isa = PBXGroup;
			children = (
				38DE019C2804215100741054 /* Todo */,
				38DE019B2804215100741054 /* Products */,
			);
			sourceTree = "<group>";
		};
		38DE019B2804215100741054 /* Products */ = {
			isa = PBXGroup;
			children = (
				38DE019A2804215100741054 /* Todo.app */,
			);
			name = Products;
			sourceTree = "<group>";
		};
		38DE019C2804215100741054 /* Todo */ = {
			isa = PBXGroup;
			children = (
				38DE01AE2804217900741054 /* Views */,
				38DE01AD2804217200741054 /* Models */,
				38DE01AC2804216B00741054 /* Managers */,
				38DE01AB2804216200741054 /* Components */,
				38DE01A32804215200741054 /* Preview Content */,
				38DE019D2804215100741054 /* TodoApp.swift */,
				38DE01A12804215200741054 /* Assets.xcassets */,
			);
			path = Todo;
			sourceTree = "<group>";
		};
		38DE01A32804215200741054 /* Preview Content */ = {
			isa = PBXGroup;
			children = (
				38DE01A42804215200741054 /* Preview Assets.xcassets */,
			);
			path = "Preview Content";
			sourceTree = "<group>";
		};
		38DE01AB2804216200741054 /* Components */ = {
			isa = PBXGroup;
			children = (
				38DE01AF2804219B00741054 /* SmallAddbutton.swift */,
				38DE01B1280421B500741054 /* TaskRow.swift */,
			);
			path = Components;
			sourceTree = "<group>";
		};
		38DE01AC2804216B00741054 /* Managers */ = {
			isa = PBXGroup;
			children = (
				38DE01B3280421DD00741054 /* RealmManager.swift */,
			);
			path = Managers;
			sourceTree = "<group>";
		};
		38DE01AD2804217200741054 /* Models */ = {
			isa = PBXGroup;
			children = (
				38DE01B5280421FD00741054 /* Task.swift */,
			);
			path = Models;
			sourceTree = "<group>";
		};
		38DE01AE2804217900741054 /* Views */ = {
			isa = PBXGroup;
			children = (
				38DE019F2804215100741054 /* ContentView.swift */,
				38DE01B72804221900741054 /* AddTaskView.swift */,
				38DE01B92804224300741054 /* TasksView.swift */,
			);
			path = Views;
			sourceTree = "<group>";
		};
/* End PBXGroup section */

/* Begin PBXNativeTarget section */
		38DE01992804215100741054 /* Todo */ = {
			isa = PBXNativeTarget;
			buildConfigurationList = 38DE01A82804215200741054 /* Build configuration list for PBXNativeTarget "Todo" */;
			buildPhases = (
				38DE01962804215100741054 /* Sources */,
				38DE01972804215100741054 /* Frameworks */,
				38DE01982804215100741054 /* Resources */,
			);
			buildRules = (
			);
			dependencies = (
			);
			name = Todo;
			packageProductDependencies = (
				38DE01BC2804239500741054 /* Realm */,
				38DE01BE2804239500741054 /* RealmSwift */,
			);
			productName = Todo;
			productReference = 38DE019A2804215100741054 /* Todo.app */;
			productType = "com.apple.product-type.application";
		};
/* End PBXNativeTarget section */

/* Begin PBXProject section */
		38DE01922804215100741054 /* Project object */ = {
			isa = PBXProject;
			attributes = {
				BuildIndependentTargetsInParallel = 1;
				LastSwiftUpdateCheck = 1330;
				LastUpgradeCheck = 1330;
				TargetAttributes = {
					38DE01992804215100741054 = {
						CreatedOnToolsVersion = 13.3;
					};
				};
			};
			buildConfigurationList = 38DE01952804215100741054 /* Build configuration list for PBXProject "Todo" */;
			compatibilityVersion = "Xcode 13.0";
			developmentRegion = en;
			hasScannedForEncodings = 0;
			knownRegions = (
				en,
				Base,
			);
			mainGroup = 38DE01912804215100741054;
			packageReferences = (
				38DE01BB2804239500741054 /* XCRemoteSwiftPackageReference "realm-cocoa" */,
			);
			productRefGroup = 38DE019B2804215100741054 /* Products */;
			projectDirPath = "";
			projectRoot = "";
			targets = (
				38DE01992804215100741054 /* Todo */,
			);
		};
/* End PBXProject section */

/* Begin PBXResourcesBuildPhase section */
		38DE01982804215100741054 /* Resources */ = {
			isa = PBXResourcesBuildPhase;
			buildActionMask = 2147483647;
			files = (
				38DE01A52804215200741054 /* Preview Assets.xcassets in Resources */,
				38DE01A22804215200741054 /* Assets.xcassets in Resources */,
			);
			runOnlyForDeploymentPostprocessing = 0;
		};
/* End PBXResourcesBuildPhase section */

/* Begin PBXSourcesBuildPhase section */
		38DE01962804215100741054 /* Sources */ = {
			isa = PBXSourcesBuildPhase;
			buildActionMask = 2147483647;
			files = (
				38DE01B02804219B00741054 /* SmallAddbutton.swift in Sources */,
				38DE01B82804221900741054 /* AddTaskView.swift in Sources */,
				38DE01A02804215100741054 /* ContentView.swift in Sources */,
				38DE01BA2804224300741054 /* TasksView.swift in Sources */,
				38DE01B4280421DD00741054 /* RealmManager.swift in Sources */,
				38DE019E2804215100741054 /* TodoApp.swift in Sources */,
				38DE01B6280421FD00741054 /* Task.swift in Sources */,
				38DE01B2280421B500741054 /* TaskRow.swift in Sources */,
			);
			runOnlyForDeploymentPostprocessing = 0;
		};
/* End PBXSourcesBuildPhase section */

/* Begin XCBuildConfiguration section */
		38DE01A62804215200741054 /* Debug */ = {
			isa = XCBuildConfiguration;
			buildSettings = {
				ALWAYS_SEARCH_USER_PATHS = NO;
				CLANG_ANALYZER_NONNULL = YES;
				CLANG_ANALYZER_NUMBER_OBJECT_CONVERSION = YES_AGGRESSIVE;
				CLANG_CXX_LANGUAGE_STANDARD = "gnu++17";
				CLANG_ENABLE_MODULES = YES;
				CLANG_ENABLE_OBJC_ARC = YES;
				CLANG_ENABLE_OBJC_WEAK = YES;
				CLANG_WARN_BLOCK_CAPTURE_AUTORELEASING = YES;
				CLANG_WARN_BOOL_CONVERSION = YES;
				CLANG_WARN_COMMA = YES;
				CLANG_WARN_CONSTANT_CONVERSION = YES;
				CLANG_WARN_DEPRECATED_OBJC_IMPLEMENTATIONS = YES;
				CLANG_WARN_DIRECT_OBJC_ISA_USAGE = YES_ERROR;
				CLANG_WARN_DOCUMENTATION_COMMENTS = YES;
				CLANG_WARN_EMPTY_BODY = YES;
				CLANG_WARN_ENUM_CONVERSION = YES;
				CLANG_WARN_INFINITE_RECURSION = YES;
				CLANG_WARN_INT_CONVERSION = YES;
				CLANG_WARN_NON_LITERAL_NULL_CONVERSION = YES;
				CLANG_WARN_OBJC_IMPLICIT_RETAIN_SELF = YES;
				CLANG_WARN_OBJC_LITERAL_CONVERSION = YES;
				CLANG_WARN_OBJC_ROOT_CLASS = YES_ERROR;
				CLANG_WARN_QUOTED_INCLUDE_IN_FRAMEWORK_HEADER = YES;
				CLANG_WARN_RANGE_LOOP_ANALYSIS = YES;
				CLANG_WARN_STRICT_PROTOTYPES = YES;
				CLANG_WARN_SUSPICIOUS_MOVE = YES;
				CLANG_WARN_UNGUARDED_AVAILABILITY = YES_AGGRESSIVE;
				CLANG_WARN_UNREACHABLE_CODE = YES;
				CLANG_WARN__DUPLICATE_METHOD_MATCH = YES;
				COPY_PHASE_STRIP = NO;
				DEBUG_INFORMATION_FORMAT = dwarf;
				ENABLE_STRICT_OBJC_MSGSEND = YES;
				ENABLE_TESTABILITY = YES;
				GCC_C_LANGUAGE_STANDARD = gnu11;
				GCC_DYNAMIC_NO_PIC = NO;
				GCC_NO_COMMON_BLOCKS = YES;
				GCC_OPTIMIZATION_LEVEL = 0;
				GCC_PREPROCESSOR_DEFINITIONS = (
					"DEBUG=1",
					"$(inherited)",
				);
				GCC_WARN_64_TO_32_BIT_CONVERSION = YES;
				GCC_WARN_ABOUT_RETURN_TYPE = YES_ERROR;
				GCC_WARN_UNDECLARED_SELECTOR = YES;
				GCC_WARN_UNINITIALIZED_AUTOS = YES_AGGRESSIVE;
				GCC_WARN_UNUSED_FUNCTION = YES;
				GCC_WARN_UNUSED_VARIABLE = YES;
				IPHONEOS_DEPLOYMENT_TARGET = 15.4;
				MTL_ENABLE_DEBUG_INFO = INCLUDE_SOURCE;
				MTL_FAST_MATH = YES;
				ONLY_ACTIVE_ARCH = YES;
				SDKROOT = iphoneos;
				SWIFT_ACTIVE_COMPILATION_CONDITIONS = DEBUG;
				SWIFT_OPTIMIZATION_LEVEL = "-Onone";
			};
			name = Debug;
		};
		38DE01A72804215200741054 /* Release */ = {
			isa = XCBuildConfiguration;
			buildSettings = {
				ALWAYS_SEARCH_USER_PATHS = NO;
				CLANG_ANALYZER_NONNULL = YES;
				CLANG_ANALYZER_NUMBER_OBJECT_CONVERSION = YES_AGGRESSIVE;
				CLANG_CXX_LANGUAGE_STANDARD = "gnu++17";
				CLANG_ENABLE_MODULES = YES;
				CLANG_ENABLE_OBJC_ARC = YES;
				CLANG_ENABLE_OBJC_WEAK = YES;
				CLANG_WARN_BLOCK_CAPTURE_AUTORELEASING = YES;
				CLANG_WARN_BOOL_CONVERSION = YES;
				CLANG_WARN_COMMA = YES;
				CLANG_WARN_CONSTANT_CONVERSION = YES;
				CLANG_WARN_DEPRECATED_OBJC_IMPLEMENTATIONS = YES;
				CLANG_WARN_DIRECT_OBJC_ISA_USAGE = YES_ERROR;
				CLANG_WARN_DOCUMENTATION_COMMENTS = YES;
				CLANG_WARN_EMPTY_BODY = YES;
				CLANG_WARN_ENUM_CONVERSION = YES;
				CLANG_WARN_INFINITE_RECURSION = YES;
				CLANG_WARN_INT_CONVERSION = YES;
				CLANG_WARN_NON_LITERAL_NULL_CONVERSION = YES;
				CLANG_WARN_OBJC_IMPLICIT_RETAIN_SELF = YES;
				CLANG_WARN_OBJC_LITERAL_CONVERSION = YES;
				CLANG_WARN_OBJC_ROOT_CLASS = YES_ERROR;
				CLANG_WARN_QUOTED_INCLUDE_IN_FRAMEWORK_HEADER = YES;
				CLANG_WARN_RANGE_LOOP_ANALYSIS = YES;
				CLANG_WARN_STRICT_PROTOTYPES = YES;
				CLANG_WARN_SUSPICIOUS_MOVE = YES;
				CLANG_WARN_UNGUARDED_AVAILABILITY = YES_AGGRESSIVE;
				CLANG_WARN_UNREACHABLE_CODE = YES;
				CLANG_WARN__DUPLICATE_METHOD_MATCH = YES;
				COPY_PHASE_STRIP = NO;
				DEBUG_INFORMATION_FORMAT = "dwarf-with-dsym";
				ENABLE_NS_ASSERTIONS = NO;
				ENABLE_STRICT_OBJC_MSGSEND = YES;
				GCC_C_LANGUAGE_STANDARD = gnu11;
				GCC_NO_COMMON_BLOCKS = YES;
				GCC_WARN_64_TO_32_BIT_CONVERSION = YES;
				GCC_WARN_ABOUT_RETURN_TYPE = YES_ERROR;
				GCC_WARN_UNDECLARED_SELECTOR = YES;
				GCC_WARN_UNINITIALIZED_AUTOS = YES_AGGRESSIVE;
				GCC_WARN_UNUSED_FUNCTION = YES;
				GCC_WARN_UNUSED_VARIABLE = YES;
				IPHONEOS_DEPLOYMENT_TARGET = 15.4;
				MTL_ENABLE_DEBUG_INFO = NO;
				MTL_FAST_MATH = YES;
				SDKROOT = iphoneos;
				SWIFT_COMPILATION_MODE = wholemodule;
				SWIFT_OPTIMIZATION_LEVEL = "-O";
				VALIDATE_PRODUCT = YES;
			};
			name = Release;
		};
		38DE01A92804215200741054 /* Debug */ = {
			isa = XCBuildConfiguration;
			buildSettings = {
				ASSETCATALOG_COMPILER_APPICON_NAME = AppIcon;
				ASSETCATALOG_COMPILER_GLOBAL_ACCENT_COLOR_NAME = AccentColor;
				CODE_SIGN_STYLE = Automatic;
				CURRENT_PROJECT_VERSION = 1;
				DEVELOPMENT_ASSET_PATHS = "\"Todo/Preview Content\"";
				DEVELOPMENT_TEAM = U8K396794T;
				ENABLE_PREVIEWS = YES;
				GENERATE_INFOPLIST_FILE = YES;
				INFOPLIST_KEY_UIApplicationSceneManifest_Generation = YES;
				INFOPLIST_KEY_UIApplicationSupportsIndirectInputEvents = YES;
				INFOPLIST_KEY_UILaunchScreen_Generation = YES;
				INFOPLIST_KEY_UISupportedInterfaceOrientations_iPad = "UIInterfaceOrientationPortrait UIInterfaceOrientationPortraitUpsideDown UIInterfaceOrientationLandscapeLeft UIInterfaceOrientationLandscapeRight";
				INFOPLIST_KEY_UISupportedInterfaceOrientations_iPhone = "UIInterfaceOrientationPortrait UIInterfaceOrientationLandscapeLeft UIInterfaceOrientationLandscapeRight";
				LD_RUNPATH_SEARCH_PATHS = (
					"$(inherited)",
					"@executable_path/Frameworks",
				);
				MARKETING_VERSION = 1.0;
				PRODUCT_BUNDLE_IDENTIFIER = io.dyobi.Todo;
				PRODUCT_NAME = "$(TARGET_NAME)";
				SWIFT_EMIT_LOC_STRINGS = YES;
				SWIFT_VERSION = 5.0;
				TARGETED_DEVICE_FAMILY = "1,2";
			};
			name = Debug;
		};
		38DE01AA2804215200741054 /* Release */ = {
			isa = XCBuildConfiguration;
			buildSettings = {
				ASSETCATALOG_COMPILER_APPICON_NAME = AppIcon;
				ASSETCATALOG_COMPILER_GLOBAL_ACCENT_COLOR_NAME = AccentColor;
				CODE_SIGN_STYLE = Automatic;
				CURRENT_PROJECT_VERSION = 1;
				DEVELOPMENT_ASSET_PATHS = "\"Todo/Preview Content\"";
				DEVELOPMENT_TEAM = U8K396794T;
				ENABLE_PREVIEWS = YES;
				GENERATE_INFOPLIST_FILE = YES;
				INFOPLIST_KEY_UIApplicationSceneManifest_Generation = YES;
				INFOPLIST_KEY_UIApplicationSupportsIndirectInputEvents = YES;
				INFOPLIST_KEY_UILaunchScreen_Generation = YES;
				INFOPLIST_KEY_UISupportedInterfaceOrientations_iPad = "UIInterfaceOrientationPortrait UIInterfaceOrientationPortraitUpsideDown UIInterfaceOrientationLandscapeLeft UIInterfaceOrientationLandscapeRight";
				INFOPLIST_KEY_UISupportedInterfaceOrientations_iPhone = "UIInterfaceOrientationPortrait UIInterfaceOrientationLandscapeLeft UIInterfaceOrientationLandscapeRight";
				LD_RUNPATH_SEARCH_PATHS = (
					"$(inherited)",
					"@executable_path/Frameworks",
				);
				MARKETING_VERSION = 1.0;
				PRODUCT_BUNDLE_IDENTIFIER = io.dyobi.Todo;
				PRODUCT_NAME = "$(TARGET_NAME)";
				SWIFT_EMIT_LOC_STRINGS = YES;
				SWIFT_VERSION = 5.0;
				TARGETED_DEVICE_FAMILY = "1,2";
			};
			name = Release;
		};
/* End XCBuildConfiguration section */

/* Begin XCConfigurationList section */
		38DE01952804215100741054 /* Build configuration list for PBXProject "Todo" */ = {
			isa = XCConfigurationList;
			buildConfigurations = (
				38DE01A62804215200741054 /* Debug */,
				38DE01A72804215200741054 /* Release */,
			);
			defaultConfigurationIsVisible = 0;
			defaultConfigurationName = Release;
		};
		38DE01A82804215200741054 /* Build configuration list for PBXNativeTarget "Todo" */ = {
			isa = XCConfigurationList;
			buildConfigurations = (
				38DE01A92804215200741054 /* Debug */,
				38DE01AA2804215200741054 /* Release */,
			);
			defaultConfigurationIsVisible = 0;
			defaultConfigurationName = Release;
		};
/* End XCConfigurationList section */

/* Begin XCRemoteSwiftPackageReference section */
		38DE01BB2804239500741054 /* XCRemoteSwiftPackageReference "realm-cocoa" */ = {
			isa = XCRemoteSwiftPackageReference;
			repositoryURL = "https://github.com/realm/realm-cocoa";
			requirement = {
				kind = upToNextMajorVersion;
				minimumVersion = 10.0.0;
			};
		};
/* End XCRemoteSwiftPackageReference section */

/* Begin XCSwiftPackageProductDependency section */
		38DE01BC2804239500741054 /* Realm */ = {
			isa = XCSwiftPackageProductDependency;
			package = 38DE01BB2804239500741054 /* XCRemoteSwiftPackageReference "realm-cocoa" */;
			productName = Realm;
		};
		38DE01BE2804239500741054 /* RealmSwift */ = {
			isa = XCSwiftPackageProductDependency;
			package = 38DE01BB2804239500741054 /* XCRemoteSwiftPackageReference "realm-cocoa" */;
			productName = RealmSwift;
		};
/* End XCSwiftPackageProductDependency section */
	};
	rootObject = 38DE01922804215100741054 /* Project object */;
}
